
Microsoft Visual Studio Solution File, Format Version 12.00
# Visual Studio Version 16
VisualStudioVersion = 16.0.28803.202
MinimumVisualStudioVersion = 10.0.40219.1
Project("{FAE04EC0-301F-11D3-BF4B-00C04F79EFBC}") = "RandomNumberGenerators", "RandomNumberGenerators\RandomNumberGenerators.csproj", "{1BC8C626-7B13-410B-BCBA-2C043ED8AC04}"
EndProject
Project("{FAE04EC0-301F-11D3-BF4B-00C04F79EFBC}") = "DiceGame", "DiceGame\DiceGame.csproj", "{D33194AE-EF76-40AC-86E2-E0A836E25061}"
EndProject
Global
	GlobalSection(SolutionConfigurationPlatforms) = preSolution
		Debug|Any CPU = Debug|Any CPU
		Release|Any CPU = Release|Any CPU
	EndGlobalSection
	GlobalSection(ProjectConfigurationPlatforms) = postSolution
		{1BC8C626-7B13-410B-BCBA-2C043ED8AC04}.Debug|Any CPU.ActiveCfg = Debug|Any CPU
		{1BC8C626-7B13-410B-BCBA-2C043ED8AC04}.Debug|Any CPU.Build.0 = Debug|Any CPU
		{1BC8C626-7B13-410B-BCBA-2C043ED8AC04}.Release|Any CPU.ActiveCfg = Release|Any CPU
		{1BC8C626-7B13-410B-BCBA-2C043ED8AC04}.Release|Any CPU.Build.0 = Release|Any CPU
		{D33194AE-EF76-40AC-86E2-E0A836E25061}.Debug|Any CPU.ActiveCfg = Debug|Any CPU
		{D33194AE-EF76-40AC-86E2-E0A836E25061}.Debug|Any CPU.Build.0 = Debug|Any CPU
		{D33194AE-EF76-40AC-86E2-E0A836E25061}.Release|Any CPU.ActiveCfg = Release|Any CPU
		{D33194AE-EF76-40AC-86E2-E0A836E25061}.Release|Any CPU.Build.0 = Release|Any CPU
	EndGlobalSection
	GlobalSection(SolutionProperties) = preSolution
		HideSolutionNode = FALSE
	EndGlobalSection
	GlobalSection(ExtensibilityGlobals) = postSolution
		SolutionGuid = {05B3B032-EB2D-441B-B2C9-A36FAB43D81E}
	EndGlobalSection
EndGlobal
